
Microsoft Visual Studio Solution File, Format Version 12.00
# Visual Studio 14
VisualStudioVersion = 14.0.25420.1
MinimumVisualStudioVersion = 10.0.40219.1
Project("{FAE04EC0-301F-11D3-BF4B-00C04F79EFBC}") = "FVM", "FVM\FVM.csproj", "{ACDEA0C6-C546-42BB-9A7C-6725368D2EED}"
EndProject
Project("{FAE04EC0-301F-11D3-BF4B-00C04F79EFBC}") = "FIRParser", "FIRParser\FIRParser\FIRParser.csproj", "{362F495C-CEE4-4AA9-843B-0128B9945850}"
EndProject
Global
	GlobalSection(SolutionConfigurationPlatforms) = preSolution
		Debug|Any CPU = Debug|Any CPU
		Release|Any CPU = Release|Any CPU
	EndGlobalSection
	GlobalSection(ProjectConfigurationPlatforms) = postSolution
		{ACDEA0C6-C546-42BB-9A7C-6725368D2EED}.Debug|Any CPU.ActiveCfg = Debug|Any CPU
		{ACDEA0C6-C546-42BB-9A7C-6725368D2EED}.Debug|Any CPU.Build.0 = Debug|Any CPU
		{ACDEA0C6-C546-42BB-9A7C-6725368D2EED}.Release|Any CPU.ActiveCfg = Release|Any CPU
		{ACDEA0C6-C546-42BB-9A7C-6725368D2EED}.Release|Any CPU.Build.0 = Release|Any CPU
		{362F495C-CEE4-4AA9-843B-0128B9945850}.Debug|Any CPU.ActiveCfg = Debug|Any CPU
		{362F495C-CEE4-4AA9-843B-0128B9945850}.Debug|Any CPU.Build.0 = Debug|Any CPU
		{362F495C-CEE4-4AA9-843B-0128B9945850}.Release|Any CPU.ActiveCfg = Release|Any CPU
		{362F495C-CEE4-4AA9-843B-0128B9945850}.Release|Any CPU.Build.0 = Release|Any CPU
	EndGlobalSection
	GlobalSection(SolutionProperties) = preSolution
		HideSolutionNode = FALSE
	EndGlobalSection
EndGlobal
